# This file is automatically @generated by Poetry and should not be changed by hand.

[[package]]
name = "pip"
version = "22.3.1"
description = "The PyPA recommended tool for installing Python packages."
category = "main"
optional = false
python-versions = ">=3.7"
files = [
    {file = "pip-22.3.1-py3-none-any.whl", hash = "sha256:908c78e6bc29b676ede1c4d57981d490cb892eb45cd8c214ab6298125119e077"},
    {file = "pip-22.3.1.tar.gz", hash = "sha256:65fd48317359f3af8e593943e6ae1506b66325085ea64b706a998c6e83eeaf38"},
]

[metadata]
lock-version = "2.0"
python-versions = "^3.10"
content-hash = "465f6588d108b7017bd25cfe58e31a20d944f3d3c8bd58be7ae59a62bd1c9f25"
